
Microsoft Visual Studio Solution File, Format Version 11.00
# Visual Studio 2010
Project("{FAE04EC0-301F-11D3-BF4B-00C04F79EFBC}") = "Memoir", "Assembly-CSharp.csproj", "{B29CDE5D-D97B-C882-8861-D55334CB4D1D}"
EndProject
Global
	GlobalSection(SolutionConfigurationPlatforms) = preSolution
		Debug|Any CPU = Debug|Any CPU
		Release|Any CPU = Release|Any CPU
	EndGlobalSection
	GlobalSection(ProjectConfigurationPlatforms) = postSolution
		{B29CDE5D-D97B-C882-8861-D55334CB4D1D}.Debug|Any CPU.ActiveCfg = Debug|Any CPU
		{B29CDE5D-D97B-C882-8861-D55334CB4D1D}.Debug|Any CPU.Build.0 = Debug|Any CPU
		{B29CDE5D-D97B-C882-8861-D55334CB4D1D}.Release|Any CPU.ActiveCfg = Release|Any CPU
		{B29CDE5D-D97B-C882-8861-D55334CB4D1D}.Release|Any CPU.Build.0 = Release|Any CPU
	EndGlobalSection
	GlobalSection(SolutionProperties) = preSolution
		HideSolutionNode = FALSE
	EndGlobalSection
	GlobalSection(MonoDevelopProperties) = preSolution
		StartupItem = Assembly-CSharp.csproj
	EndGlobalSection
EndGlobal
